Microsoft Visual Studio Solution File, Format Version 12.00
# Visual Studio Version 17
VisualStudioVersion = 17.5.2.0
MinimumVisualStudioVersion = 10.0.40219.1
Project("{FAE04EC0-301F-11D3-BF4B-00C04F79EFBC}") = "TemperatureConverter", "TemperatureConverter.csproj", "{D184B22E-91FE-2F7B-A66B-3868BCE4EE1E}"
EndProject
Global
	GlobalSection(SolutionConfigurationPlatforms) = preSolution
		Debug|Any CPU = Debug|Any CPU
		Release|Any CPU = Release|Any CPU
	EndGlobalSection
	GlobalSection(ProjectConfigurationPlatforms) = postSolution
		{D184B22E-91FE-2F7B-A66B-3868BCE4EE1E}.Debug|Any CPU.ActiveCfg = Debug|Any CPU
		{D184B22E-91FE-2F7B-A66B-3868BCE4EE1E}.Debug|Any CPU.Build.0 = Debug|Any CPU
		{D184B22E-91FE-2F7B-A66B-3868BCE4EE1E}.Release|Any CPU.ActiveCfg = Release|Any CPU
		{D184B22E-91FE-2F7B-A66B-3868BCE4EE1E}.Release|Any CPU.Build.0 = Release|Any CPU
	EndGlobalSection
	GlobalSection(SolutionProperties) = preSolution
		HideSolutionNode = FALSE
	EndGlobalSection
	GlobalSection(ExtensibilityGlobals) = postSolution
		SolutionGuid = {AB8AAF3B-561E-4FDA-B393-B7F08B7E1886}
	EndGlobalSection
EndGlobal
